<?xml version="1.0" encoding="utf-8"?>
<Project ToolsVersion="4.0" xmlns="http://schemas.microsoft.com/developer/msbuild/2003">
  <ItemGroup>
    <Filter Include="Source Files">
      <UniqueIdentifier>{4FC737F1-C7A5-4376-A066-2A32D752A2FF}</UniqueIdentifier>
      <Extensions>cpp;c;cc;cxx;def;odl;idl;hpj;bat;asm;asmx</Extensions>
    </Filter>
    <Filter Include="Header Files">
      <UniqueIdentifier>{93995380-89BD-4b04-88EB-625FBE52EBFB}</UniqueIdentifier>
      <Extensions>h;hpp;hxx;hm;inl;inc;xsd</Extensions>
    </Filter>
    <Filter Include="Resource Files">
      <UniqueIdentifier>{67DA6AB6-F800-4c08-8B7A-83BB121AAD01}</UniqueIdentifier>
      <Extensions>rc;ico;cur;bmp;dlg;rc2;rct;bin;rgs;gif;jpg;jpeg;jpe;resx;tiff;tif;png;wav;mfcribbon-ms</Extensions>
    </Filter>
  </ItemGroup>
  <ItemGroup>
    <ClInclude Include="lib\configuration.h">
      <Filter>Header Files</Filter>
    </ClInclude>
    <ClInclude Include="lib\ds.h">
      <Filter>Header Files</Filter>
    </ClInclude>
    <ClInclude Include="lib\scheduler.h">
      <Filter>Header Files</Filter>
    </ClInclude>
    <ClInclude Include="lib\rog_f.h">
      <Filter>Header Files</Filter>
    </ClInclude>
    <ClInclude Include="lib\rol_f.h">
      <Filter>Header Files</Filter>
    </ClInclude>
    <ClInclude Include="lib\rog.h">
      <Filter>Header Files</Filter>
    </ClInclude>
    <ClInclude Include="lib\rol.h">
      <Filter>Header Files</Filter>
    </ClInclude>
    <ClInclude Include="lib\util_host.h">
      <Filter>Header Files</Filter>
    </ClInclude>
    <ClInclude Include="lib\util_device.h">
      <Filter>Header Files</Filter>
    </ClInclude>
    <ClInclude Include="lib\hash.h">
      <Filter>Header Files</Filter>
    </ClInclude>
    <ClInclude Include="lib\atomic.h">
      <Filter>Header Files</Filter>
    </ClInclude>
    <ClInclude Include="lib\scan.h">
      <Filter>Header Files</Filter>
    </ClInclude>
    <ClInclude Include="lib\error_handling.h">
      <Filter>Header Files</Filter>
    </ClInclude>
    <ClInclude Include="lib\kvbuffer.h">
      <Filter>Header Files</Filter>
    </ClInclude>
    <ClInclude Include="lib\kvmanager.h">
      <Filter>Header Files</Filter>
    </ClInclude>
    <ClInclude Include="lib\kvbuffers.h">
      <Filter>Header Files</Filter>
    </ClInclude>
    <ClInclude Include="lib\worker_info.h">
      <Filter>Header Files</Filter>
    </ClInclude>
    <ClInclude Include="lib\roc.h">
      <Filter>Header Files</Filter>
    </ClInclude>
    <ClInclude Include="lib\roc_f.h">
      <Filter>Header Files</Filter>
    </ClInclude>
    <ClInclude Include="map.h">
      <Filter>Header Files</Filter>
    </ClInclude>
    <ClInclude Include="reduce.h">
      <Filter>Header Files</Filter>
    </ClInclude>
    <ClInclude Include="nbc.h">
      <Filter>Header Files</Filter>
    </ClInclude>
    <ClInclude Include="mm.h">
      <Filter>Header Files</Filter>
    </ClInclude>
  </ItemGroup>
  <ItemGroup>
    <ClCompile Include="lib\scheduler.cpp">
      <Filter>Source Files</Filter>
    </ClCompile>
    <ClCompile Include="main.cpp">
      <Filter>Source Files</Filter>
    </ClCompile>
    <ClCompile Include="lib\rog.c">
      <Filter>Source Files</Filter>
    </ClCompile>
    <ClCompile Include="lib\rol.c">
      <Filter>Source Files</Filter>
    </ClCompile>
  </ItemGroup>
  <ItemGroup>
    <None Include="lib\copy_to_array.cl">
      <Filter>Source Files</Filter>
    </None>
    <None Include="lib\get_size.cl">
      <Filter>Source Files</Filter>
    </None>
    <None Include="lib\start.cl">
      <Filter>Source Files</Filter>
    </None>
    <None Include="lib\kernel.cl">
      <Filter>Source Files</Filter>
    </None>
    <None Include="ClassDiagram1.cd" />
  </ItemGroup>
</Project>